
Microsoft Visual Studio Solution File, Format Version 12.00
# Visual Studio 2012
Project("{2150E333-8FDC-42A3-9474-1A3956D46DE8}") = "Fontes", "Fontes", "{7B186345-766B-491D-A9CF-8CA5D675D999}"
EndProject
Project("{2150E333-8FDC-42A3-9474-1A3956D46DE8}") = "Testes", "Testes", "{86B54D1B-117F-4B7D-BAE6-A1D7795EFB0C}"
EndProject
Project("{2150E333-8FDC-42A3-9474-1A3956D46DE8}") = "Dominio", "Dominio", "{F06FA495-1F07-4777-86C9-177BFE16D5C2}"
EndProject
Project("{2150E333-8FDC-42A3-9474-1A3956D46DE8}") = "Dominio", "Dominio", "{AA784E9C-7E52-44BE-8276-DC977606BAED}"
EndProject
Project("{FAE04EC0-301F-11D3-BF4B-00C04F79EFBC}") = "DomainModel", "Fontes\Dominio\DomainModel\DomainModel.csproj", "{2D5E120E-058E-4FF9-9900-02BE3606A98B}"
EndProject
Project("{9344BDBB-3E7F-41FC-A0DD-8665D75EE146}") = "DomainModel.Testes", "DomainModel.Testes\DomainModel.Testes.csproj", "{CD3AFC67-50D8-49E7-AB64-E82F587C423B}"
EndProject
Project("{FAE04EC0-301F-11D3-BF4B-00C04F79EFBC}") = "DomainService", "Fontes\Dominio\DomainService\DomainService.csproj", "{1DD5A011-4C8A-4AFF-B175-CA5748E9CD47}"
EndProject
Global
	GlobalSection(SolutionConfigurationPlatforms) = preSolution
		Debug|Any CPU = Debug|Any CPU
		Release|Any CPU = Release|Any CPU
	EndGlobalSection
	GlobalSection(ProjectConfigurationPlatforms) = postSolution
		{2D5E120E-058E-4FF9-9900-02BE3606A98B}.Debug|Any CPU.ActiveCfg = Debug|Any CPU
		{2D5E120E-058E-4FF9-9900-02BE3606A98B}.Debug|Any CPU.Build.0 = Debug|Any CPU
		{2D5E120E-058E-4FF9-9900-02BE3606A98B}.Release|Any CPU.ActiveCfg = Release|Any CPU
		{2D5E120E-058E-4FF9-9900-02BE3606A98B}.Release|Any CPU.Build.0 = Release|Any CPU
		{CD3AFC67-50D8-49E7-AB64-E82F587C423B}.Debug|Any CPU.ActiveCfg = Debug|Any CPU
		{CD3AFC67-50D8-49E7-AB64-E82F587C423B}.Debug|Any CPU.Build.0 = Debug|Any CPU
		{CD3AFC67-50D8-49E7-AB64-E82F587C423B}.Release|Any CPU.ActiveCfg = Release|Any CPU
		{CD3AFC67-50D8-49E7-AB64-E82F587C423B}.Release|Any CPU.Build.0 = Release|Any CPU
		{1DD5A011-4C8A-4AFF-B175-CA5748E9CD47}.Debug|Any CPU.ActiveCfg = Debug|Any CPU
		{1DD5A011-4C8A-4AFF-B175-CA5748E9CD47}.Debug|Any CPU.Build.0 = Debug|Any CPU
		{1DD5A011-4C8A-4AFF-B175-CA5748E9CD47}.Release|Any CPU.ActiveCfg = Release|Any CPU
		{1DD5A011-4C8A-4AFF-B175-CA5748E9CD47}.Release|Any CPU.Build.0 = Release|Any CPU
	EndGlobalSection
	GlobalSection(NestedProjects) = preSolution
		{F06FA495-1F07-4777-86C9-177BFE16D5C2} = {7B186345-766B-491D-A9CF-8CA5D675D999}
		{AA784E9C-7E52-44BE-8276-DC977606BAED} = {86B54D1B-117F-4B7D-BAE6-A1D7795EFB0C}
		{2D5E120E-058E-4FF9-9900-02BE3606A98B} = {F06FA495-1F07-4777-86C9-177BFE16D5C2}
		{CD3AFC67-50D8-49E7-AB64-E82F587C423B} = {AA784E9C-7E52-44BE-8276-DC977606BAED}
		{1DD5A011-4C8A-4AFF-B175-CA5748E9CD47} = {F06FA495-1F07-4777-86C9-177BFE16D5C2}
	EndGlobalSection
EndGlobal
