
Microsoft Visual Studio Solution File, Format Version 12.00
# Visual Studio 15
VisualStudioVersion = 15.0.26124.0
MinimumVisualStudioVersion = 15.0.26124.0
Project("{2150E333-8FDC-42A3-9474-1A3956D46DE8}") = "Contextos", "Contextos", "{ABC29E31-FE95-4CF7-8C6A-4E09E83EE667}"
EndProject
Project("{2150E333-8FDC-42A3-9474-1A3956D46DE8}") = "Solicitacoes", "Solicitacoes", "{9B9C9E2A-9C58-4CA7-9032-C9FACE2F0376}"
EndProject
Project("{2150E333-8FDC-42A3-9474-1A3956D46DE8}") = "2 - Servico", "2 - Servico", "{CE853001-8F5B-408D-B38C-5641075B4E3E}"
EndProject
Project("{FAE04EC0-301F-11D3-BF4B-00C04F79EFBC}") = "PB.Solicitacoes.Api", "Contextos\Solicitacoes\2 - Servico\PB.Solicitacoes.Api\PB.Solicitacoes.Api.csproj", "{D1BB6049-C636-4E16-9E81-C6C50EC2010D}"
EndProject
Project("{2150E333-8FDC-42A3-9474-1A3956D46DE8}") = "3 - Dominio", "3 - Dominio", "{3267A20C-1670-4A26-AC8E-FFC8DC8B3C8D}"
EndProject
Project("{FAE04EC0-301F-11D3-BF4B-00C04F79EFBC}") = "PB.Solicitacoes.DomainModel", "Contextos\Solicitacoes\3 - Dominio\PB.Solicitacoes.DomainModel\PB.Solicitacoes.DomainModel.csproj", "{D1E02001-93F4-499E-86B4-7215D1D5C8AA}"
EndProject
Project("{2150E333-8FDC-42A3-9474-1A3956D46DE8}") = "4 - Infra", "4 - Infra", "{34641CF6-CF47-4DD2-93E7-48F66A644914}"
EndProject
Project("{FAE04EC0-301F-11D3-BF4B-00C04F79EFBC}") = "PB.Solicitacoes.Infra", "Contextos\Solicitacoes\4 - Infra\PB.Solicitacoes.Infra\PB.Solicitacoes.Infra.csproj", "{EC3E1DF2-541C-44DE-8CB3-ACAFE47A72E3}"
EndProject
Global
	GlobalSection(SolutionConfigurationPlatforms) = preSolution
		Debug|Any CPU = Debug|Any CPU
		Debug|x64 = Debug|x64
		Debug|x86 = Debug|x86
		Release|Any CPU = Release|Any CPU
		Release|x64 = Release|x64
		Release|x86 = Release|x86
	EndGlobalSection
	GlobalSection(SolutionProperties) = preSolution
		HideSolutionNode = FALSE
	EndGlobalSection
	GlobalSection(ProjectConfigurationPlatforms) = postSolution
		{D1BB6049-C636-4E16-9E81-C6C50EC2010D}.Debug|Any CPU.ActiveCfg = Debug|Any CPU
		{D1BB6049-C636-4E16-9E81-C6C50EC2010D}.Debug|Any CPU.Build.0 = Debug|Any CPU
		{D1BB6049-C636-4E16-9E81-C6C50EC2010D}.Debug|x64.ActiveCfg = Debug|Any CPU
		{D1BB6049-C636-4E16-9E81-C6C50EC2010D}.Debug|x64.Build.0 = Debug|Any CPU
		{D1BB6049-C636-4E16-9E81-C6C50EC2010D}.Debug|x86.ActiveCfg = Debug|Any CPU
		{D1BB6049-C636-4E16-9E81-C6C50EC2010D}.Debug|x86.Build.0 = Debug|Any CPU
		{D1BB6049-C636-4E16-9E81-C6C50EC2010D}.Release|Any CPU.ActiveCfg = Release|Any CPU
		{D1BB6049-C636-4E16-9E81-C6C50EC2010D}.Release|Any CPU.Build.0 = Release|Any CPU
		{D1BB6049-C636-4E16-9E81-C6C50EC2010D}.Release|x64.ActiveCfg = Release|Any CPU
		{D1BB6049-C636-4E16-9E81-C6C50EC2010D}.Release|x64.Build.0 = Release|Any CPU
		{D1BB6049-C636-4E16-9E81-C6C50EC2010D}.Release|x86.ActiveCfg = Release|Any CPU
		{D1BB6049-C636-4E16-9E81-C6C50EC2010D}.Release|x86.Build.0 = Release|Any CPU
		{D1E02001-93F4-499E-86B4-7215D1D5C8AA}.Debug|Any CPU.ActiveCfg = Debug|Any CPU
		{D1E02001-93F4-499E-86B4-7215D1D5C8AA}.Debug|Any CPU.Build.0 = Debug|Any CPU
		{D1E02001-93F4-499E-86B4-7215D1D5C8AA}.Debug|x64.ActiveCfg = Debug|Any CPU
		{D1E02001-93F4-499E-86B4-7215D1D5C8AA}.Debug|x64.Build.0 = Debug|Any CPU
		{D1E02001-93F4-499E-86B4-7215D1D5C8AA}.Debug|x86.ActiveCfg = Debug|Any CPU
		{D1E02001-93F4-499E-86B4-7215D1D5C8AA}.Debug|x86.Build.0 = Debug|Any CPU
		{D1E02001-93F4-499E-86B4-7215D1D5C8AA}.Release|Any CPU.ActiveCfg = Release|Any CPU
		{D1E02001-93F4-499E-86B4-7215D1D5C8AA}.Release|Any CPU.Build.0 = Release|Any CPU
		{D1E02001-93F4-499E-86B4-7215D1D5C8AA}.Release|x64.ActiveCfg = Release|Any CPU
		{D1E02001-93F4-499E-86B4-7215D1D5C8AA}.Release|x64.Build.0 = Release|Any CPU
		{D1E02001-93F4-499E-86B4-7215D1D5C8AA}.Release|x86.ActiveCfg = Release|Any CPU
		{D1E02001-93F4-499E-86B4-7215D1D5C8AA}.Release|x86.Build.0 = Release|Any CPU
		{EC3E1DF2-541C-44DE-8CB3-ACAFE47A72E3}.Debug|Any CPU.ActiveCfg = Debug|Any CPU
		{EC3E1DF2-541C-44DE-8CB3-ACAFE47A72E3}.Debug|Any CPU.Build.0 = Debug|Any CPU
		{EC3E1DF2-541C-44DE-8CB3-ACAFE47A72E3}.Debug|x64.ActiveCfg = Debug|Any CPU
		{EC3E1DF2-541C-44DE-8CB3-ACAFE47A72E3}.Debug|x64.Build.0 = Debug|Any CPU
		{EC3E1DF2-541C-44DE-8CB3-ACAFE47A72E3}.Debug|x86.ActiveCfg = Debug|Any CPU
		{EC3E1DF2-541C-44DE-8CB3-ACAFE47A72E3}.Debug|x86.Build.0 = Debug|Any CPU
		{EC3E1DF2-541C-44DE-8CB3-ACAFE47A72E3}.Release|Any CPU.ActiveCfg = Release|Any CPU
		{EC3E1DF2-541C-44DE-8CB3-ACAFE47A72E3}.Release|Any CPU.Build.0 = Release|Any CPU
		{EC3E1DF2-541C-44DE-8CB3-ACAFE47A72E3}.Release|x64.ActiveCfg = Release|Any CPU
		{EC3E1DF2-541C-44DE-8CB3-ACAFE47A72E3}.Release|x64.Build.0 = Release|Any CPU
		{EC3E1DF2-541C-44DE-8CB3-ACAFE47A72E3}.Release|x86.ActiveCfg = Release|Any CPU
		{EC3E1DF2-541C-44DE-8CB3-ACAFE47A72E3}.Release|x86.Build.0 = Release|Any CPU
	EndGlobalSection
	GlobalSection(NestedProjects) = preSolution
		{9B9C9E2A-9C58-4CA7-9032-C9FACE2F0376} = {ABC29E31-FE95-4CF7-8C6A-4E09E83EE667}
		{CE853001-8F5B-408D-B38C-5641075B4E3E} = {9B9C9E2A-9C58-4CA7-9032-C9FACE2F0376}
		{D1BB6049-C636-4E16-9E81-C6C50EC2010D} = {CE853001-8F5B-408D-B38C-5641075B4E3E}
		{3267A20C-1670-4A26-AC8E-FFC8DC8B3C8D} = {9B9C9E2A-9C58-4CA7-9032-C9FACE2F0376}
		{D1E02001-93F4-499E-86B4-7215D1D5C8AA} = {3267A20C-1670-4A26-AC8E-FFC8DC8B3C8D}
		{34641CF6-CF47-4DD2-93E7-48F66A644914} = {9B9C9E2A-9C58-4CA7-9032-C9FACE2F0376}
		{EC3E1DF2-541C-44DE-8CB3-ACAFE47A72E3} = {34641CF6-CF47-4DD2-93E7-48F66A644914}
	EndGlobalSection
EndGlobal
