
Microsoft Visual Studio Solution File, Format Version 12.00
# Visual Studio 15
VisualStudioVersion = 15.0.26124.0
MinimumVisualStudioVersion = 15.0.26124.0
Project("{2150E333-8FDC-42A3-9474-1A3956D46DE8}") = "2 - Servico", "2 - Servico", "{97BA986A-C344-447F-8AB0-F7158883CDEF}"
EndProject
Project("{FAE04EC0-301F-11D3-BF4B-00C04F79EFBC}") = "PB.Solicitacoes.Api", "2 - Servico\PB.Solicitacoes.Api\PB.Solicitacoes.Api.csproj", "{9739C472-EDDB-462C-B37F-9FF53274D22F}"
EndProject
Project("{2150E333-8FDC-42A3-9474-1A3956D46DE8}") = "3 - Dominio", "3 - Dominio", "{40A9579A-FF47-4967-A523-C9C6CD6D3B2E}"
EndProject
Project("{FAE04EC0-301F-11D3-BF4B-00C04F79EFBC}") = "PB.Solicitacoes.DomainModel", "3 - Dominio\PB.Solicitacoes.DomainModel\PB.Solicitacoes.DomainModel.csproj", "{9F447D66-5D91-44C1-B533-E9E4B6120971}"
EndProject
Project("{FAE04EC0-301F-11D3-BF4B-00C04F79EFBC}") = "PB.Solicitacoes.DomainService", "3 - Dominio\PB.Solicitacoes.DomainService\PB.Solicitacoes.DomainService.csproj", "{6A7A08A9-B85B-48E3-BA72-EB4840396B16}"
EndProject
Project("{2150E333-8FDC-42A3-9474-1A3956D46DE8}") = "4 - Infra", "4 - Infra", "{0DE5686C-64D6-4CA9-BE5A-02660B46D926}"
EndProject
Project("{FAE04EC0-301F-11D3-BF4B-00C04F79EFBC}") = "PB.Solicitacoes.Infra", "4 - Infra\PB.Solicitacoes.Infra\PB.Solicitacoes.Infra.csproj", "{B229CCB3-E4B7-400F-8AEB-A765D348AED6}"
EndProject
Global
	GlobalSection(SolutionConfigurationPlatforms) = preSolution
		Debug|Any CPU = Debug|Any CPU
		Debug|x64 = Debug|x64
		Debug|x86 = Debug|x86
		Release|Any CPU = Release|Any CPU
		Release|x64 = Release|x64
		Release|x86 = Release|x86
	EndGlobalSection
	GlobalSection(SolutionProperties) = preSolution
		HideSolutionNode = FALSE
	EndGlobalSection
	GlobalSection(ProjectConfigurationPlatforms) = postSolution
		{9739C472-EDDB-462C-B37F-9FF53274D22F}.Debug|Any CPU.ActiveCfg = Debug|Any CPU
		{9739C472-EDDB-462C-B37F-9FF53274D22F}.Debug|Any CPU.Build.0 = Debug|Any CPU
		{9739C472-EDDB-462C-B37F-9FF53274D22F}.Debug|x64.ActiveCfg = Debug|Any CPU
		{9739C472-EDDB-462C-B37F-9FF53274D22F}.Debug|x64.Build.0 = Debug|Any CPU
		{9739C472-EDDB-462C-B37F-9FF53274D22F}.Debug|x86.ActiveCfg = Debug|Any CPU
		{9739C472-EDDB-462C-B37F-9FF53274D22F}.Debug|x86.Build.0 = Debug|Any CPU
		{9739C472-EDDB-462C-B37F-9FF53274D22F}.Release|Any CPU.ActiveCfg = Release|Any CPU
		{9739C472-EDDB-462C-B37F-9FF53274D22F}.Release|Any CPU.Build.0 = Release|Any CPU
		{9739C472-EDDB-462C-B37F-9FF53274D22F}.Release|x64.ActiveCfg = Release|Any CPU
		{9739C472-EDDB-462C-B37F-9FF53274D22F}.Release|x64.Build.0 = Release|Any CPU
		{9739C472-EDDB-462C-B37F-9FF53274D22F}.Release|x86.ActiveCfg = Release|Any CPU
		{9739C472-EDDB-462C-B37F-9FF53274D22F}.Release|x86.Build.0 = Release|Any CPU
		{9F447D66-5D91-44C1-B533-E9E4B6120971}.Debug|Any CPU.ActiveCfg = Debug|Any CPU
		{9F447D66-5D91-44C1-B533-E9E4B6120971}.Debug|Any CPU.Build.0 = Debug|Any CPU
		{9F447D66-5D91-44C1-B533-E9E4B6120971}.Debug|x64.ActiveCfg = Debug|Any CPU
		{9F447D66-5D91-44C1-B533-E9E4B6120971}.Debug|x64.Build.0 = Debug|Any CPU
		{9F447D66-5D91-44C1-B533-E9E4B6120971}.Debug|x86.ActiveCfg = Debug|Any CPU
		{9F447D66-5D91-44C1-B533-E9E4B6120971}.Debug|x86.Build.0 = Debug|Any CPU
		{9F447D66-5D91-44C1-B533-E9E4B6120971}.Release|Any CPU.ActiveCfg = Release|Any CPU
		{9F447D66-5D91-44C1-B533-E9E4B6120971}.Release|Any CPU.Build.0 = Release|Any CPU
		{9F447D66-5D91-44C1-B533-E9E4B6120971}.Release|x64.ActiveCfg = Release|Any CPU
		{9F447D66-5D91-44C1-B533-E9E4B6120971}.Release|x64.Build.0 = Release|Any CPU
		{9F447D66-5D91-44C1-B533-E9E4B6120971}.Release|x86.ActiveCfg = Release|Any CPU
		{9F447D66-5D91-44C1-B533-E9E4B6120971}.Release|x86.Build.0 = Release|Any CPU
		{6A7A08A9-B85B-48E3-BA72-EB4840396B16}.Debug|Any CPU.ActiveCfg = Debug|Any CPU
		{6A7A08A9-B85B-48E3-BA72-EB4840396B16}.Debug|Any CPU.Build.0 = Debug|Any CPU
		{6A7A08A9-B85B-48E3-BA72-EB4840396B16}.Debug|x64.ActiveCfg = Debug|Any CPU
		{6A7A08A9-B85B-48E3-BA72-EB4840396B16}.Debug|x64.Build.0 = Debug|Any CPU
		{6A7A08A9-B85B-48E3-BA72-EB4840396B16}.Debug|x86.ActiveCfg = Debug|Any CPU
		{6A7A08A9-B85B-48E3-BA72-EB4840396B16}.Debug|x86.Build.0 = Debug|Any CPU
		{6A7A08A9-B85B-48E3-BA72-EB4840396B16}.Release|Any CPU.ActiveCfg = Release|Any CPU
		{6A7A08A9-B85B-48E3-BA72-EB4840396B16}.Release|Any CPU.Build.0 = Release|Any CPU
		{6A7A08A9-B85B-48E3-BA72-EB4840396B16}.Release|x64.ActiveCfg = Release|Any CPU
		{6A7A08A9-B85B-48E3-BA72-EB4840396B16}.Release|x64.Build.0 = Release|Any CPU
		{6A7A08A9-B85B-48E3-BA72-EB4840396B16}.Release|x86.ActiveCfg = Release|Any CPU
		{6A7A08A9-B85B-48E3-BA72-EB4840396B16}.Release|x86.Build.0 = Release|Any CPU
		{B229CCB3-E4B7-400F-8AEB-A765D348AED6}.Debug|Any CPU.ActiveCfg = Debug|Any CPU
		{B229CCB3-E4B7-400F-8AEB-A765D348AED6}.Debug|Any CPU.Build.0 = Debug|Any CPU
		{B229CCB3-E4B7-400F-8AEB-A765D348AED6}.Debug|x64.ActiveCfg = Debug|Any CPU
		{B229CCB3-E4B7-400F-8AEB-A765D348AED6}.Debug|x64.Build.0 = Debug|Any CPU
		{B229CCB3-E4B7-400F-8AEB-A765D348AED6}.Debug|x86.ActiveCfg = Debug|Any CPU
		{B229CCB3-E4B7-400F-8AEB-A765D348AED6}.Debug|x86.Build.0 = Debug|Any CPU
		{B229CCB3-E4B7-400F-8AEB-A765D348AED6}.Release|Any CPU.ActiveCfg = Release|Any CPU
		{B229CCB3-E4B7-400F-8AEB-A765D348AED6}.Release|Any CPU.Build.0 = Release|Any CPU
		{B229CCB3-E4B7-400F-8AEB-A765D348AED6}.Release|x64.ActiveCfg = Release|Any CPU
		{B229CCB3-E4B7-400F-8AEB-A765D348AED6}.Release|x64.Build.0 = Release|Any CPU
		{B229CCB3-E4B7-400F-8AEB-A765D348AED6}.Release|x86.ActiveCfg = Release|Any CPU
		{B229CCB3-E4B7-400F-8AEB-A765D348AED6}.Release|x86.Build.0 = Release|Any CPU
	EndGlobalSection
	GlobalSection(NestedProjects) = preSolution
		{9739C472-EDDB-462C-B37F-9FF53274D22F} = {97BA986A-C344-447F-8AB0-F7158883CDEF}
		{9F447D66-5D91-44C1-B533-E9E4B6120971} = {40A9579A-FF47-4967-A523-C9C6CD6D3B2E}
		{6A7A08A9-B85B-48E3-BA72-EB4840396B16} = {40A9579A-FF47-4967-A523-C9C6CD6D3B2E}
		{B229CCB3-E4B7-400F-8AEB-A765D348AED6} = {0DE5686C-64D6-4CA9-BE5A-02660B46D926}
	EndGlobalSection
EndGlobal
